
Microsoft Visual Studio Solution File, Format Version 12.00
# Visual Studio Version 17
VisualStudioVersion = 17.1.32228.430
MinimumVisualStudioVersion = 10.0.40219.1
Project("{9A19103F-16F7-4668-BE54-9A1E7A4F7556}") = "DiscService", "DiscService\DiscService.csproj", "{C43F3674-5E14-4109-A51F-1D3237ACC087}"
EndProject
Project("{9A19103F-16F7-4668-BE54-9A1E7A4F7556}") = "DiscServiceTest", "DiscServiceTest\DiscServiceTest.csproj", "{9AB92F97-FC8A-4631-A996-6FFF119422C3}"
EndProject
Project("{2150E333-8FDC-42A3-9474-1A3956D46DE8}") = "Solution Items", "Solution Items", "{3118C499-409C-40E9-ADB8-2BDC2905E382}"
	ProjectSection(SolutionItems) = preProject
		.gitignore = .gitignore
	EndProjectSection
EndProject
Global
	GlobalSection(SolutionConfigurationPlatforms) = preSolution
		Debug|Any CPU = Debug|Any CPU
		Release|Any CPU = Release|Any CPU
	EndGlobalSection
	GlobalSection(ProjectConfigurationPlatforms) = postSolution
		{C43F3674-5E14-4109-A51F-1D3237ACC087}.Debug|Any CPU.ActiveCfg = Debug|Any CPU
		{C43F3674-5E14-4109-A51F-1D3237ACC087}.Debug|Any CPU.Build.0 = Debug|Any CPU
		{C43F3674-5E14-4109-A51F-1D3237ACC087}.Release|Any CPU.ActiveCfg = Release|Any CPU
		{C43F3674-5E14-4109-A51F-1D3237ACC087}.Release|Any CPU.Build.0 = Release|Any CPU
		{9AB92F97-FC8A-4631-A996-6FFF119422C3}.Debug|Any CPU.ActiveCfg = Debug|Any CPU
		{9AB92F97-FC8A-4631-A996-6FFF119422C3}.Debug|Any CPU.Build.0 = Debug|Any CPU
		{9AB92F97-FC8A-4631-A996-6FFF119422C3}.Release|Any CPU.ActiveCfg = Release|Any CPU
		{9AB92F97-FC8A-4631-A996-6FFF119422C3}.Release|Any CPU.Build.0 = Release|Any CPU
	EndGlobalSection
	GlobalSection(SolutionProperties) = preSolution
		HideSolutionNode = FALSE
	EndGlobalSection
	GlobalSection(ExtensibilityGlobals) = postSolution
		SolutionGuid = {9D98545B-93D4-463E-8A5F-97B0B3F5EDC9}
	EndGlobalSection
EndGlobal
